
Microsoft Visual Studio Solution File, Format Version 12.00
# Visual Studio Version 17
VisualStudioVersion = 17.14.36518.9 d17.14
MinimumVisualStudioVersion = 10.0.40219.1
Project("{FAE04EC0-301F-11D3-BF4B-00C04F79EFBC}") = "Menu", "Menu.csproj", "{CCA88A11-321F-4153-B461-F4C99BB4B55B}"
EndProject
Global
	GlobalSection(SolutionConfigurationPlatforms) = preSolution
		Debug|Any CPU = Debug|Any CPU
		Release|Any CPU = Release|Any CPU
	EndGlobalSection
	GlobalSection(ProjectConfigurationPlatforms) = postSolution
		{CCA88A11-321F-4153-B461-F4C99BB4B55B}.Debug|Any CPU.ActiveCfg = Debug|Any CPU
		{CCA88A11-321F-4153-B461-F4C99BB4B55B}.Debug|Any CPU.Build.0 = Debug|Any CPU
		{CCA88A11-321F-4153-B461-F4C99BB4B55B}.Release|Any CPU.ActiveCfg = Release|Any CPU
		{CCA88A11-321F-4153-B461-F4C99BB4B55B}.Release|Any CPU.Build.0 = Release|Any CPU
	EndGlobalSection
	GlobalSection(SolutionProperties) = preSolution
		HideSolutionNode = FALSE
	EndGlobalSection
	GlobalSection(ExtensibilityGlobals) = postSolution
		SolutionGuid = {996FFE7B-B120-4F53-AFE8-56C839D554D1}
	EndGlobalSection
EndGlobal
